// !$*UTF8*$!
{
	archiveVersion = 1;
	classes = {
	};
	objectVersion = 56;
	objects = {

/* Begin PBXBuildFile section */
		1FD7C4692AE869F900F118B1 /* ACT6_TRENES_FERApp.swift in Sources */ = {isa = PBXBuildFile; fileRef = 1FD7C4682AE869F900F118B1 /* ACT6_TRENES_FERApp.swift */; };
		1FD7C46B2AE869F900F118B1 /* ContentView.swift in Sources */ = {isa = PBXBuildFile; fileRef = 1FD7C46A2AE869F900F118B1 /* ContentView.swift */; };
		1FD7C46D2AE869FC00F118B1 /* Assets.xcassets in Resources */ = {isa = PBXBuildFile; fileRef = 1FD7C46C2AE869FC00F118B1 /* Assets.xcassets */; };
		1FD7C4702AE869FC00F118B1 /* Preview Assets.xcassets in Resources */ = {isa = PBXBuildFile; fileRef = 1FD7C46F2AE869FC00F118B1 /* Preview Assets.xcassets */; };
		1FD7C47A2AE869FC00F118B1 /* ACT6_TRENES_FERTests.swift in Sources */ = {isa = PBXBuildFile; fileRef = 1FD7C4792AE869FC00F118B1 /* ACT6_TRENES_FERTests.swift */; };
		1FD7C4842AE869FC00F118B1 /* ACT6_TRENES_FERUITests.swift in Sources */ = {isa = PBXBuildFile; fileRef = 1FD7C4832AE869FC00F118B1 /* ACT6_TRENES_FERUITests.swift */; };
		1FD7C4862AE869FC00F118B1 /* ACT6_TRENES_FERUITestsLaunchTests.swift in Sources */ = {isa = PBXBuildFile; fileRef = 1FD7C4852AE869FC00F118B1 /* ACT6_TRENES_FERUITestsLaunchTests.swift */; };
		1FD7C4952AE86B1B00F118B1 /* ItemView.swift in Sources */ = {isa = PBXBuildFile; fileRef = 1FD7C4942AE86B1B00F118B1 /* ItemView.swift */; };
		1FD7C4972AE86B7900F118B1 /* InterfaceView.swift in Sources */ = {isa = PBXBuildFile; fileRef = 1FD7C4962AE86B7900F118B1 /* InterfaceView.swift */; };
		1FD7C49B2AE86C0D00F118B1 /* Modifier.swift in Sources */ = {isa = PBXBuildFile; fileRef = 1FD7C49A2AE86C0D00F118B1 /* Modifier.swift */; };
/* End PBXBuildFile section */

/* Begin PBXContainerItemProxy section */
		1FD7C4762AE869FC00F118B1 /* PBXContainerItemProxy */ = {
			isa = PBXContainerItemProxy;
			containerPortal = 1FD7C45D2AE869F900F118B1 /* Project object */;
			proxyType = 1;
			remoteGlobalIDString = 1FD7C4642AE869F900F118B1;
			remoteInfo = ACT6_TRENES_FER;
		};
		1FD7C4802AE869FC00F118B1 /* PBXContainerItemProxy */ = {
			isa = PBXContainerItemProxy;
			containerPortal = 1FD7C45D2AE869F900F118B1 /* Project object */;
			proxyType = 1;
			remoteGlobalIDString = 1FD7C4642AE869F900F118B1;
			remoteInfo = ACT6_TRENES_FER;
		};
/* End PBXContainerItemProxy section */

/* Begin PBXFileReference section */
		1FD7C4652AE869F900F118B1 /* ACT6_TRENES_FER.app */ = {isa = PBXFileReference; explicitFileType = wrapper.application; includeInIndex = 0; path = ACT6_TRENES_FER.app; sourceTree = BUILT_PRODUCTS_DIR; };
		1FD7C4682AE869F900F118B1 /* ACT6_TRENES_FERApp.swift */ = {isa = PBXFileReference; lastKnownFileType = sourcecode.swift; path = ACT6_TRENES_FERApp.swift; sourceTree = "<group>"; };
		1FD7C46A2AE869F900F118B1 /* ContentView.swift */ = {isa = PBXFileReference; lastKnownFileType = sourcecode.swift; path = ContentView.swift; sourceTree = "<group>"; };
		1FD7C46C2AE869FC00F118B1 /* Assets.xcassets */ = {isa = PBXFileReference; lastKnownFileType = folder.assetcatalog; path = Assets.xcassets; sourceTree = "<group>"; };
		1FD7C46F2AE869FC00F118B1 /* Preview Assets.xcassets */ = {isa = PBXFileReference; lastKnownFileType = folder.assetcatalog; path = "Preview Assets.xcassets"; sourceTree = "<group>"; };
		1FD7C4752AE869FC00F118B1 /* ACT6_TRENES_FERTests.xctest */ = {isa = PBXFileReference; explicitFileType = wrapper.cfbundle; includeInIndex = 0; path = ACT6_TRENES_FERTests.xctest; sourceTree = BUILT_PRODUCTS_DIR; };
		1FD7C4792AE869FC00F118B1 /* ACT6_TRENES_FERTests.swift */ = {isa = PBXFileReference; lastKnownFileType = sourcecode.swift; path = ACT6_TRENES_FERTests.swift; sourceTree = "<group>"; };
		1FD7C47F2AE869FC00F118B1 /* ACT6_TRENES_FERUITests.xctest */ = {isa = PBXFileReference; explicitFileType = wrapper.cfbundle; includeInIndex = 0; path = ACT6_TRENES_FERUITests.xctest; sourceTree = BUILT_PRODUCTS_DIR; };
		1FD7C4832AE869FC00F118B1 /* ACT6_TRENES_FERUITests.swift */ = {isa = PBXFileReference; lastKnownFileType = sourcecode.swift; path = ACT6_TRENES_FERUITests.swift; sourceTree = "<group>"; };
		1FD7C4852AE869FC00F118B1 /* ACT6_TRENES_FERUITestsLaunchTests.swift */ = {isa = PBXFileReference; lastKnownFileType = sourcecode.swift; path = ACT6_TRENES_FERUITestsLaunchTests.swift; sourceTree = "<group>"; };
		1FD7C4942AE86B1B00F118B1 /* ItemView.swift */ = {isa = PBXFileReference; lastKnownFileType = sourcecode.swift; path = ItemView.swift; sourceTree = "<group>"; };
		1FD7C4962AE86B7900F118B1 /* InterfaceView.swift */ = {isa = PBXFileReference; lastKnownFileType = sourcecode.swift; path = InterfaceView.swift; sourceTree = "<group>"; };
		1FD7C49A2AE86C0D00F118B1 /* Modifier.swift */ = {isa = PBXFileReference; lastKnownFileType = sourcecode.swift; path = Modifier.swift; sourceTree = "<group>"; };
/* End PBXFileReference section */

/* Begin PBXFrameworksBuildPhase section */
		1FD7C4622AE869F900F118B1 /* Frameworks */ = {
			isa = PBXFrameworksBuildPhase;
			buildActionMask = 2147483647;
			files = (
			);
			runOnlyForDeploymentPostprocessing = 0;
		};
		1FD7C4722AE869FC00F118B1 /* Frameworks */ = {
			isa = PBXFrameworksBuildPhase;
			buildActionMask = 2147483647;
			files = (
			);
			runOnlyForDeploymentPostprocessing = 0;
		};
		1FD7C47C2AE869FC00F118B1 /* Frameworks */ = {
			isa = PBXFrameworksBuildPhase;
			buildActionMask = 2147483647;
			files = (
			);
			runOnlyForDeploymentPostprocessing = 0;
		};
/* End PBXFrameworksBuildPhase section */

/* Begin PBXGroup section */
		1FD7C45C2AE869F900F118B1 = {
			isa = PBXGroup;
			children = (
				1FD7C4672AE869F900F118B1 /* ACT6_TRENES_FER */,
				1FD7C4782AE869FC00F118B1 /* ACT6_TRENES_FERTests */,
				1FD7C4822AE869FC00F118B1 /* ACT6_TRENES_FERUITests */,
				1FD7C4662AE869F900F118B1 /* Products */,
			);
			sourceTree = "<group>";
		};
		1FD7C4662AE869F900F118B1 /* Products */ = {
			isa = PBXGroup;
			children = (
				1FD7C4652AE869F900F118B1 /* ACT6_TRENES_FER.app */,
				1FD7C4752AE869FC00F118B1 /* ACT6_TRENES_FERTests.xctest */,
				1FD7C47F2AE869FC00F118B1 /* ACT6_TRENES_FERUITests.xctest */,
			);
			name = Products;
			sourceTree = "<group>";
		};
		1FD7C4672AE869F900F118B1 /* ACT6_TRENES_FER */ = {
			isa = PBXGroup;
			children = (
				1FD7C4682AE869F900F118B1 /* ACT6_TRENES_FERApp.swift */,
				1FD7C46A2AE869F900F118B1 /* ContentView.swift */,
				1FD7C4962AE86B7900F118B1 /* InterfaceView.swift */,
				1FD7C4942AE86B1B00F118B1 /* ItemView.swift */,
				1FD7C49A2AE86C0D00F118B1 /* Modifier.swift */,
				1FD7C46C2AE869FC00F118B1 /* Assets.xcassets */,
				1FD7C46E2AE869FC00F118B1 /* Preview Content */,
			);
			path = ACT6_TRENES_FER;
			sourceTree = "<group>";
		};
		1FD7C46E2AE869FC00F118B1 /* Preview Content */ = {
			isa = PBXGroup;
			children = (
				1FD7C46F2AE869FC00F118B1 /* Preview Assets.xcassets */,
			);
			path = "Preview Content";
			sourceTree = "<group>";
		};
		1FD7C4782AE869FC00F118B1 /* ACT6_TRENES_FERTests */ = {
			isa = PBXGroup;
			children = (
				1FD7C4792AE869FC00F118B1 /* ACT6_TRENES_FERTests.swift */,
			);
			path = ACT6_TRENES_FERTests;
			sourceTree = "<group>";
		};
		1FD7C4822AE869FC00F118B1 /* ACT6_TRENES_FERUITests */ = {
			isa = PBXGroup;
			children = (
				1FD7C4832AE869FC00F118B1 /* ACT6_TRENES_FERUITests.swift */,
				1FD7C4852AE869FC00F118B1 /* ACT6_TRENES_FERUITestsLaunchTests.swift */,
			);
			path = ACT6_TRENES_FERUITests;
			sourceTree = "<group>";
		};
/* End PBXGroup section */

/* Begin PBXNativeTarget section */
		1FD7C4642AE869F900F118B1 /* ACT6_TRENES_FER */ = {
			isa = PBXNativeTarget;
			buildConfigurationList = 1FD7C4892AE869FC00F118B1 /* Build configuration list for PBXNativeTarget "ACT6_TRENES_FER" */;
			buildPhases = (
				1FD7C4612AE869F900F118B1 /* Sources */,
				1FD7C4622AE869F900F118B1 /* Frameworks */,
				1FD7C4632AE869F900F118B1 /* Resources */,
			);
			buildRules = (
			);
			dependencies = (
			);
			name = ACT6_TRENES_FER;
			productName = ACT6_TRENES_FER;
			productReference = 1FD7C4652AE869F900F118B1 /* ACT6_TRENES_FER.app */;
			productType = "com.apple.product-type.application";
		};
		1FD7C4742AE869FC00F118B1 /* ACT6_TRENES_FERTests */ = {
			isa = PBXNativeTarget;
			buildConfigurationList = 1FD7C48C2AE869FC00F118B1 /* Build configuration list for PBXNativeTarget "ACT6_TRENES_FERTests" */;
			buildPhases = (
				1FD7C4712AE869FC00F118B1 /* Sources */,
				1FD7C4722AE869FC00F118B1 /* Frameworks */,
				1FD7C4732AE869FC00F118B1 /* Resources */,
			);
			buildRules = (
			);
			dependencies = (
				1FD7C4772AE869FC00F118B1 /* PBXTargetDependency */,
			);
			name = ACT6_TRENES_FERTests;
			productName = ACT6_TRENES_FERTests;
			productReference = 1FD7C4752AE869FC00F118B1 /* ACT6_TRENES_FERTests.xctest */;
			productType = "com.apple.product-type.bundle.unit-test";
		};
		1FD7C47E2AE869FC00F118B1 /* ACT6_TRENES_FERUITests */ = {
			isa = PBXNativeTarget;
			buildConfigurationList = 1FD7C48F2AE869FC00F118B1 /* Build configuration list for PBXNativeTarget "ACT6_TRENES_FERUITests" */;
			buildPhases = (
				1FD7C47B2AE869FC00F118B1 /* Sources */,
				1FD7C47C2AE869FC00F118B1 /* Frameworks */,
				1FD7C47D2AE869FC00F118B1 /* Resources */,
			);
			buildRules = (
			);
			dependencies = (
				1FD7C4812AE869FC00F118B1 /* PBXTargetDependency */,
			);
			name = ACT6_TRENES_FERUITests;
			productName = ACT6_TRENES_FERUITests;
			productReference = 1FD7C47F2AE869FC00F118B1 /* ACT6_TRENES_FERUITests.xctest */;
			productType = "com.apple.product-type.bundle.ui-testing";
		};
/* End PBXNativeTarget section */

/* Begin PBXProject section */
		1FD7C45D2AE869F900F118B1 /* Project object */ = {
			isa = PBXProject;
			attributes = {
				BuildIndependentTargetsInParallel = 1;
				LastSwiftUpdateCheck = 1420;
				LastUpgradeCheck = 1420;
				TargetAttributes = {
					1FD7C4642AE869F900F118B1 = {
						CreatedOnToolsVersion = 14.2;
					};
					1FD7C4742AE869FC00F118B1 = {
						CreatedOnToolsVersion = 14.2;
						TestTargetID = 1FD7C4642AE869F900F118B1;
					};
					1FD7C47E2AE869FC00F118B1 = {
						CreatedOnToolsVersion = 14.2;
						TestTargetID = 1FD7C4642AE869F900F118B1;
					};
				};
			};
			buildConfigurationList = 1FD7C4602AE869F900F118B1 /* Build configuration list for PBXProject "ACT6_TRENES_FER" */;
			compatibilityVersion = "Xcode 14.0";
			developmentRegion = en;
			hasScannedForEncodings = 0;
			knownRegions = (
				en,
				Base,
			);
			mainGroup = 1FD7C45C2AE869F900F118B1;
			productRefGroup = 1FD7C4662AE869F900F118B1 /* Products */;
			projectDirPath = "";
			projectRoot = "";
			targets = (
				1FD7C4642AE869F900F118B1 /* ACT6_TRENES_FER */,
				1FD7C4742AE869FC00F118B1 /* ACT6_TRENES_FERTests */,
				1FD7C47E2AE869FC00F118B1 /* ACT6_TRENES_FERUITests */,
			);
		};
/* End PBXProject section */

/* Begin PBXResourcesBuildPhase section */
		1FD7C4632AE869F900F118B1 /* Resources */ = {
			isa = PBXResourcesBuildPhase;
			buildActionMask = 2147483647;
			files = (
				1FD7C4702AE869FC00F118B1 /* Preview Assets.xcassets in Resources */,
				1FD7C46D2AE869FC00F118B1 /* Assets.xcassets in Resources */,
			);
			runOnlyForDeploymentPostprocessing = 0;
		};
		1FD7C4732AE869FC00F118B1 /* Resources */ = {
			isa = PBXResourcesBuildPhase;
			buildActionMask = 2147483647;
			files = (
			);
			runOnlyForDeploymentPostprocessing = 0;
		};
		1FD7C47D2AE869FC00F118B1 /* Resources */ = {
			isa = PBXResourcesBuildPhase;
			buildActionMask = 2147483647;
			files = (
			);
			runOnlyForDeploymentPostprocessing = 0;
		};
/* End PBXResourcesBuildPhase section */

/* Begin PBXSourcesBuildPhase section */
		1FD7C4612AE869F900F118B1 /* Sources */ = {
			isa = PBXSourcesBuildPhase;
			buildActionMask = 2147483647;
			files = (
				1FD7C46B2AE869F900F118B1 /* ContentView.swift in Sources */,
				1FD7C4692AE869F900F118B1 /* ACT6_TRENES_FERApp.swift in Sources */,
				1FD7C4972AE86B7900F118B1 /* InterfaceView.swift in Sources */,
				1FD7C4952AE86B1B00F118B1 /* ItemView.swift in Sources */,
				1FD7C49B2AE86C0D00F118B1 /* Modifier.swift in Sources */,
			);
			runOnlyForDeploymentPostprocessing = 0;
		};
		1FD7C4712AE869FC00F118B1 /* Sources */ = {
			isa = PBXSourcesBuildPhase;
			buildActionMask = 2147483647;
			files = (
				1FD7C47A2AE869FC00F118B1 /* ACT6_TRENES_FERTests.swift in Sources */,
			);
			runOnlyForDeploymentPostprocessing = 0;
		};
		1FD7C47B2AE869FC00F118B1 /* Sources */ = {
			isa = PBXSourcesBuildPhase;
			buildActionMask = 2147483647;
			files = (
				1FD7C4842AE869FC00F118B1 /* ACT6_TRENES_FERUITests.swift in Sources */,
				1FD7C4862AE869FC00F118B1 /* ACT6_TRENES_FERUITestsLaunchTests.swift in Sources */,
			);
			runOnlyForDeploymentPostprocessing = 0;
		};
/* End PBXSourcesBuildPhase section */

/* Begin PBXTargetDependency section */
		1FD7C4772AE869FC00F118B1 /* PBXTargetDependency */ = {
			isa = PBXTargetDependency;
			target = 1FD7C4642AE869F900F118B1 /* ACT6_TRENES_FER */;
			targetProxy = 1FD7C4762AE869FC00F118B1 /* PBXContainerItemProxy */;
		};
		1FD7C4812AE869FC00F118B1 /* PBXTargetDependency */ = {
			isa = PBXTargetDependency;
			target = 1FD7C4642AE869F900F118B1 /* ACT6_TRENES_FER */;
			targetProxy = 1FD7C4802AE869FC00F118B1 /* PBXContainerItemProxy */;
		};
/* End PBXTargetDependency section */

/* Begin XCBuildConfiguration section */
		1FD7C4872AE869FC00F118B1 /* Debug */ = {
			isa = XCBuildConfiguration;
			buildSettings = {
				ALWAYS_SEARCH_USER_PATHS = NO;
				CLANG_ANALYZER_NONNULL = YES;
				CLANG_ANALYZER_NUMBER_OBJECT_CONVERSION = YES_AGGRESSIVE;
				CLANG_CXX_LANGUAGE_STANDARD = "gnu++20";
				CLANG_ENABLE_MODULES = YES;
				CLANG_ENABLE_OBJC_ARC = YES;
				CLANG_ENABLE_OBJC_WEAK = YES;
				CLANG_WARN_BLOCK_CAPTURE_AUTORELEASING = YES;
				CLANG_WARN_BOOL_CONVERSION = YES;
				CLANG_WARN_COMMA = YES;
				CLANG_WARN_CONSTANT_CONVERSION = YES;
				CLANG_WARN_DEPRECATED_OBJC_IMPLEMENTATIONS = YES;
				CLANG_WARN_DIRECT_OBJC_ISA_USAGE = YES_ERROR;
				CLANG_WARN_DOCUMENTATION_COMMENTS = YES;
				CLANG_WARN_EMPTY_BODY = YES;
				CLANG_WARN_ENUM_CONVERSION = YES;
				CLANG_WARN_INFINITE_RECURSION = YES;
				CLANG_WARN_INT_CONVERSION = YES;
				CLANG_WARN_NON_LITERAL_NULL_CONVERSION = YES;
				CLANG_WARN_OBJC_IMPLICIT_RETAIN_SELF = YES;
				CLANG_WARN_OBJC_LITERAL_CONVERSION = YES;
				CLANG_WARN_OBJC_ROOT_CLASS = YES_ERROR;
				CLANG_WARN_QUOTED_INCLUDE_IN_FRAMEWORK_HEADER = YES;
				CLANG_WARN_RANGE_LOOP_ANALYSIS = YES;
				CLANG_WARN_STRICT_PROTOTYPES = YES;
				CLANG_WARN_SUSPICIOUS_MOVE = YES;
				CLANG_WARN_UNGUARDED_AVAILABILITY = YES_AGGRESSIVE;
				CLANG_WARN_UNREACHABLE_CODE = YES;
				CLANG_WARN__DUPLICATE_METHOD_MATCH = YES;
				COPY_PHASE_STRIP = NO;
				DEBUG_INFORMATION_FORMAT = dwarf;
				ENABLE_STRICT_OBJC_MSGSEND = YES;
				ENABLE_TESTABILITY = YES;
				GCC_C_LANGUAGE_STANDARD = gnu11;
				GCC_DYNAMIC_NO_PIC = NO;
				GCC_NO_COMMON_BLOCKS = YES;
				GCC_OPTIMIZATION_LEVEL = 0;
				GCC_PREPROCESSOR_DEFINITIONS = (
					"DEBUG=1",
					"$(inherited)",
				);
				GCC_WARN_64_TO_32_BIT_CONVERSION = YES;
				GCC_WARN_ABOUT_RETURN_TYPE = YES_ERROR;
				GCC_WARN_UNDECLARED_SELECTOR = YES;
				GCC_WARN_UNINITIALIZED_AUTOS = YES_AGGRESSIVE;
				GCC_WARN_UNUSED_FUNCTION = YES;
				GCC_WARN_UNUSED_VARIABLE = YES;
				IPHONEOS_DEPLOYMENT_TARGET = 16.2;
				MTL_ENABLE_DEBUG_INFO = INCLUDE_SOURCE;
				MTL_FAST_MATH = YES;
				ONLY_ACTIVE_ARCH = YES;
				SDKROOT = iphoneos;
				SWIFT_ACTIVE_COMPILATION_CONDITIONS = DEBUG;
				SWIFT_OPTIMIZATION_LEVEL = "-Onone";
			};
			name = Debug;
		};
		1FD7C4882AE869FC00F118B1 /* Release */ = {
			isa = XCBuildConfiguration;
			buildSettings = {
				ALWAYS_SEARCH_USER_PATHS = NO;
				CLANG_ANALYZER_NONNULL = YES;
				CLANG_ANALYZER_NUMBER_OBJECT_CONVERSION = YES_AGGRESSIVE;
				CLANG_CXX_LANGUAGE_STANDARD = "gnu++20";
				CLANG_ENABLE_MODULES = YES;
				CLANG_ENABLE_OBJC_ARC = YES;
				CLANG_ENABLE_OBJC_WEAK = YES;
				CLANG_WARN_BLOCK_CAPTURE_AUTORELEASING = YES;
				CLANG_WARN_BOOL_CONVERSION = YES;
				CLANG_WARN_COMMA = YES;
				CLANG_WARN_CONSTANT_CONVERSION = YES;
				CLANG_WARN_DEPRECATED_OBJC_IMPLEMENTATIONS = YES;
				CLANG_WARN_DIRECT_OBJC_ISA_USAGE = YES_ERROR;
				CLANG_WARN_DOCUMENTATION_COMMENTS = YES;
				CLANG_WARN_EMPTY_BODY = YES;
				CLANG_WARN_ENUM_CONVERSION = YES;
				CLANG_WARN_INFINITE_RECURSION = YES;
				CLANG_WARN_INT_CONVERSION = YES;
				CLANG_WARN_NON_LITERAL_NULL_CONVERSION = YES;
				CLANG_WARN_OBJC_IMPLICIT_RETAIN_SELF = YES;
				CLANG_WARN_OBJC_LITERAL_CONVERSION = YES;
				CLANG_WARN_OBJC_ROOT_CLASS = YES_ERROR;
				CLANG_WARN_QUOTED_INCLUDE_IN_FRAMEWORK_HEADER = YES;
				CLANG_WARN_RANGE_LOOP_ANALYSIS = YES;
				CLANG_WARN_STRICT_PROTOTYPES = YES;
				CLANG_WARN_SUSPICIOUS_MOVE = YES;
				CLANG_WARN_UNGUARDED_AVAILABILITY = YES_AGGRESSIVE;
				CLANG_WARN_UNREACHABLE_CODE = YES;
				CLANG_WARN__DUPLICATE_METHOD_MATCH = YES;
				COPY_PHASE_STRIP = NO;
				DEBUG_INFORMATION_FORMAT = "dwarf-with-dsym";
				ENABLE_NS_ASSERTIONS = NO;
				ENABLE_STRICT_OBJC_MSGSEND = YES;
				GCC_C_LANGUAGE_STANDARD = gnu11;
				GCC_NO_COMMON_BLOCKS = YES;
				GCC_WARN_64_TO_32_BIT_CONVERSION = YES;
				GCC_WARN_ABOUT_RETURN_TYPE = YES_ERROR;
				GCC_WARN_UNDECLARED_SELECTOR = YES;
				GCC_WARN_UNINITIALIZED_AUTOS = YES_AGGRESSIVE;
				GCC_WARN_UNUSED_FUNCTION = YES;
				GCC_WARN_UNUSED_VARIABLE = YES;
				IPHONEOS_DEPLOYMENT_TARGET = 16.2;
				MTL_ENABLE_DEBUG_INFO = NO;
				MTL_FAST_MATH = YES;
				SDKROOT = iphoneos;
				SWIFT_COMPILATION_MODE = wholemodule;
				SWIFT_OPTIMIZATION_LEVEL = "-O";
				VALIDATE_PRODUCT = YES;
			};
			name = Release;
		};
		1FD7C48A2AE869FC00F118B1 /* Debug */ = {
			isa = XCBuildConfiguration;
			buildSettings = {
				ASSETCATALOG_COMPILER_APPICON_NAME = AppIcon;
				ASSETCATALOG_COMPILER_GLOBAL_ACCENT_COLOR_NAME = AccentColor;
				CODE_SIGN_STYLE = Automatic;
				CURRENT_PROJECT_VERSION = 1;
				DEVELOPMENT_ASSET_PATHS = "\"ACT6_TRENES_FER/Preview Content\"";
				ENABLE_PREVIEWS = YES;
				GENERATE_INFOPLIST_FILE = YES;
				INFOPLIST_KEY_UIApplicationSceneManifest_Generation = YES;
				INFOPLIST_KEY_UIApplicationSupportsIndirectInputEvents = YES;
				INFOPLIST_KEY_UILaunchScreen_Generation = YES;
				INFOPLIST_KEY_UISupportedInterfaceOrientations_iPad = "UIInterfaceOrientationPortrait UIInterfaceOrientationPortraitUpsideDown UIInterfaceOrientationLandscapeLeft UIInterfaceOrientationLandscapeRight";
				INFOPLIST_KEY_UISupportedInterfaceOrientations_iPhone = "UIInterfaceOrientationPortrait UIInterfaceOrientationLandscapeLeft UIInterfaceOrientationLandscapeRight";
				LD_RUNPATH_SEARCH_PATHS = (
					"$(inherited)",
					"@executable_path/Frameworks",
				);
				MARKETING_VERSION = 1.0;
				PRODUCT_BUNDLE_IDENTIFIER = "fermaguzz.ACT6-TRENES-FER";
				PRODUCT_NAME = "$(TARGET_NAME)";
				SWIFT_EMIT_LOC_STRINGS = YES;
				SWIFT_VERSION = 5.0;
				TARGETED_DEVICE_FAMILY = "1,2";
			};
			name = Debug;
		};
		1FD7C48B2AE869FC00F118B1 /* Release */ = {
			isa = XCBuildConfiguration;
			buildSettings = {
				ASSETCATALOG_COMPILER_APPICON_NAME = AppIcon;
				ASSETCATALOG_COMPILER_GLOBAL_ACCENT_COLOR_NAME = AccentColor;
				CODE_SIGN_STYLE = Automatic;
				CURRENT_PROJECT_VERSION = 1;
				DEVELOPMENT_ASSET_PATHS = "\"ACT6_TRENES_FER/Preview Content\"";
				ENABLE_PREVIEWS = YES;
				GENERATE_INFOPLIST_FILE = YES;
				INFOPLIST_KEY_UIApplicationSceneManifest_Generation = YES;
				INFOPLIST_KEY_UIApplicationSupportsIndirectInputEvents = YES;
				INFOPLIST_KEY_UILaunchScreen_Generation = YES;
				INFOPLIST_KEY_UISupportedInterfaceOrientations_iPad = "UIInterfaceOrientationPortrait UIInterfaceOrientationPortraitUpsideDown UIInterfaceOrientationLandscapeLeft UIInterfaceOrientationLandscapeRight";
				INFOPLIST_KEY_UISupportedInterfaceOrientations_iPhone = "UIInterfaceOrientationPortrait UIInterfaceOrientationLandscapeLeft UIInterfaceOrientationLandscapeRight";
				LD_RUNPATH_SEARCH_PATHS = (
					"$(inherited)",
					"@executable_path/Frameworks",
				);
				MARKETING_VERSION = 1.0;
				PRODUCT_BUNDLE_IDENTIFIER = "fermaguzz.ACT6-TRENES-FER";
				PRODUCT_NAME = "$(TARGET_NAME)";
				SWIFT_EMIT_LOC_STRINGS = YES;
				SWIFT_VERSION = 5.0;
				TARGETED_DEVICE_FAMILY = "1,2";
			};
			name = Release;
		};
		1FD7C48D2AE869FC00F118B1 /* Debug */ = {
			isa = XCBuildConfiguration;
			buildSettings = {
				ALWAYS_EMBED_SWIFT_STANDARD_LIBRARIES = YES;
				BUNDLE_LOADER = "$(TEST_HOST)";
				CODE_SIGN_STYLE = Automatic;
				CURRENT_PROJECT_VERSION = 1;
				GENERATE_INFOPLIST_FILE = YES;
				IPHONEOS_DEPLOYMENT_TARGET = 16.2;
				MARKETING_VERSION = 1.0;
				PRODUCT_BUNDLE_IDENTIFIER = "fermaguzz.ACT6-TRENES-FERTests";
				PRODUCT_NAME = "$(TARGET_NAME)";
				SWIFT_EMIT_LOC_STRINGS = NO;
				SWIFT_VERSION = 5.0;
				TARGETED_DEVICE_FAMILY = "1,2";
				TEST_HOST = "$(BUILT_PRODUCTS_DIR)/ACT6_TRENES_FER.app/$(BUNDLE_EXECUTABLE_FOLDER_PATH)/ACT6_TRENES_FER";
			};
			name = Debug;
		};
		1FD7C48E2AE869FC00F118B1 /* Release */ = {
			isa = XCBuildConfiguration;
			buildSettings = {
				ALWAYS_EMBED_SWIFT_STANDARD_LIBRARIES = YES;
				BUNDLE_LOADER = "$(TEST_HOST)";
				CODE_SIGN_STYLE = Automatic;
				CURRENT_PROJECT_VERSION = 1;
				GENERATE_INFOPLIST_FILE = YES;
				IPHONEOS_DEPLOYMENT_TARGET = 16.2;
				MARKETING_VERSION = 1.0;
				PRODUCT_BUNDLE_IDENTIFIER = "fermaguzz.ACT6-TRENES-FERTests";
				PRODUCT_NAME = "$(TARGET_NAME)";
				SWIFT_EMIT_LOC_STRINGS = NO;
				SWIFT_VERSION = 5.0;
				TARGETED_DEVICE_FAMILY = "1,2";
				TEST_HOST = "$(BUILT_PRODUCTS_DIR)/ACT6_TRENES_FER.app/$(BUNDLE_EXECUTABLE_FOLDER_PATH)/ACT6_TRENES_FER";
			};
			name = Release;
		};
		1FD7C4902AE869FC00F118B1 /* Debug */ = {
			isa = XCBuildConfiguration;
			buildSettings = {
				ALWAYS_EMBED_SWIFT_STANDARD_LIBRARIES = YES;
				CODE_SIGN_STYLE = Automatic;
				CURRENT_PROJECT_VERSION = 1;
				GENERATE_INFOPLIST_FILE = YES;
				MARKETING_VERSION = 1.0;
				PRODUCT_BUNDLE_IDENTIFIER = "fermaguzz.ACT6-TRENES-FERUITests";
				PRODUCT_NAME = "$(TARGET_NAME)";
				SWIFT_EMIT_LOC_STRINGS = NO;
				SWIFT_VERSION = 5.0;
				TARGETED_DEVICE_FAMILY = "1,2";
				TEST_TARGET_NAME = ACT6_TRENES_FER;
			};
			name = Debug;
		};
		1FD7C4912AE869FC00F118B1 /* Release */ = {
			isa = XCBuildConfiguration;
			buildSettings = {
				ALWAYS_EMBED_SWIFT_STANDARD_LIBRARIES = YES;
				CODE_SIGN_STYLE = Automatic;
				CURRENT_PROJECT_VERSION = 1;
				GENERATE_INFOPLIST_FILE = YES;
				MARKETING_VERSION = 1.0;
				PRODUCT_BUNDLE_IDENTIFIER = "fermaguzz.ACT6-TRENES-FERUITests";
				PRODUCT_NAME = "$(TARGET_NAME)";
				SWIFT_EMIT_LOC_STRINGS = NO;
				SWIFT_VERSION = 5.0;
				TARGETED_DEVICE_FAMILY = "1,2";
				TEST_TARGET_NAME = ACT6_TRENES_FER;
			};
			name = Release;
		};
/* End XCBuildConfiguration section */

/* Begin XCConfigurationList section */
		1FD7C4602AE869F900F118B1 /* Build configuration list for PBXProject "ACT6_TRENES_FER" */ = {
			isa = XCConfigurationList;
			buildConfigurations = (
				1FD7C4872AE869FC00F118B1 /* Debug */,
				1FD7C4882AE869FC00F118B1 /* Release */,
			);
			defaultConfigurationIsVisible = 0;
			defaultConfigurationName = Release;
		};
		1FD7C4892AE869FC00F118B1 /* Build configuration list for PBXNativeTarget "ACT6_TRENES_FER" */ = {
			isa = XCConfigurationList;
			buildConfigurations = (
				1FD7C48A2AE869FC00F118B1 /* Debug */,
				1FD7C48B2AE869FC00F118B1 /* Release */,
			);
			defaultConfigurationIsVisible = 0;
			defaultConfigurationName = Release;
		};
		1FD7C48C2AE869FC00F118B1 /* Build configuration list for PBXNativeTarget "ACT6_TRENES_FERTests" */ = {
			isa = XCConfigurationList;
			buildConfigurations = (
				1FD7C48D2AE869FC00F118B1 /* Debug */,
				1FD7C48E2AE869FC00F118B1 /* Release */,
			);
			defaultConfigurationIsVisible = 0;
			defaultConfigurationName = Release;
		};
		1FD7C48F2AE869FC00F118B1 /* Build configuration list for PBXNativeTarget "ACT6_TRENES_FERUITests" */ = {
			isa = XCConfigurationList;
			buildConfigurations = (
				1FD7C4902AE869FC00F118B1 /* Debug */,
				1FD7C4912AE869FC00F118B1 /* Release */,
			);
			defaultConfigurationIsVisible = 0;
			defaultConfigurationName = Release;
		};
/* End XCConfigurationList section */
	};
	rootObject = 1FD7C45D2AE869F900F118B1 /* Project object */;
}
